# This file was autogenerated by Stack.
# You should not edit this file by hand.
# For more information, please see the documentation at:
#   https://docs.haskellstack.org/en/stable/lock_files

packages:
- completed:
    hackage: http-download-0.1.0.0@sha256:b02d76d28364b74fb90d3ec3c46fd81f9d77bcf71fa40c1d341a7251a0fc40e8,2023
    pantry-tree:
      size: 393
      sha256: 5ca9a5f17b87de5feea9eb26939bf0dea1ef20b9570545feb0b9e54f41ea47ff
  original:
    hackage: http-download-0.1.0.0
- completed:
    hackage: rio-prettyprint-0.1.0.0@sha256:764e1a357275c3c62d57c494d038feae01cf745788e7d0e97367ba793c9670c3,1359
    pantry-tree:
      size: 479
      sha256: 42fad9af672080b144bb60eb91af251ab35ce41bb931c44cfb584414648935e5
  original:
    hackage: rio-prettyprint-0.1.0.0
- completed:
    hackage: ansi-terminal-0.9.1@sha256:48f53532d0f365ffa568c8cf0adc84c66f800a7d80d3329e4f04fa75392f4af1,3225
    pantry-tree:
      size: 1461
      sha256: 4686b1fdd2b74598eb83d35f447e4520d58d6534b5277a6f2bfaaa258bf1f833
  original:
    hackage: ansi-terminal-0.9.1
- completed:
    hackage: rio-0.1.10.0@sha256:4b681c90c1ec3db7e0f4dfa8c5a55581de2997ba71df332a1ad87265adcecadf,3635
    pantry-tree:
      size: 4747
      sha256: 6f37903a10ab3ecd0da94f1130ec6f6dbcc5f84c4e468da29329510f6149d75e
  original:
    hackage: rio-0.1.10.0
- completed:
    size: 94708
    url: https://github.com/commercialhaskell/pantry/archive/b1fc437dbf6e8a8847cfde42a8fba32b2b72cce5.tar.gz
    cabal-file:
      size: 4761
      sha256: ed7ca552edd51565b735119702f144ba3bec864875577a3e921ca4f7d2426ee6
    name: pantry
    version: 0.1.1.1
    sha256: ad9df7d1d7e35c4957248c37131b2db7cd8fced35a6b97acd92bdbb1cc4d6f90
    pantry-tree:
      size: 3545
      sha256: 778ad7bab08d444a3e9fcfdef24181f05f9ca56f834965e4c4545baa5d77bc7b
  original:
    size: 94708
    url: https://github.com/commercialhaskell/pantry/archive/b1fc437dbf6e8a8847cfde42a8fba32b2b72cce5.tar.gz
    sha256: ad9df7d1d7e35c4957248c37131b2db7cd8fced35a6b97acd92bdbb1cc4d6f90
- completed:
    size: 9508
    subdir: casa-client
    url: https://github.com/fpco/casa/archive/090b17e991819b552c1aff1125a447d45e0da954.tar.gz
    cabal-file:
      size: 542
      sha256: 5def9cffe09cc0f117a335611cdf930af6a117c34527944bac48581e72a46369
    name: casa-client
    version: 0.0.0
    sha256: 812e05de8f9abdbd1101fc94895dcfd5c35962c4d67a43cc20cbc06eb59ea1f0
    pantry-tree:
      size: 120
      sha256: fd1bd1543f9d8133cb7628cf2cf4715e17970a9b6c21fa22450009eec5eda7d2
  original:
    size: 9508
    subdir: casa-client
    url: https://github.com/fpco/casa/archive/090b17e991819b552c1aff1125a447d45e0da954.tar.gz
    sha256: 812e05de8f9abdbd1101fc94895dcfd5c35962c4d67a43cc20cbc06eb59ea1f0
- completed:
    size: 9508
    subdir: casa-types
    url: https://github.com/fpco/casa/archive/090b17e991819b552c1aff1125a447d45e0da954.tar.gz
    cabal-file:
      size: 404
      sha256: 9a9bc4febca2c369a93c8180f966483359cc9a8a6590021d542a73f9c6e7bcb4
    name: casa-types
    version: 0.0.0
    sha256: 812e05de8f9abdbd1101fc94895dcfd5c35962c4d67a43cc20cbc06eb59ea1f0
    pantry-tree:
      size: 177
      sha256: ec8e13b7099781ba2629036baa5cf1bab6423eeb7aff17796a5d22a92db83b6c
  original:
    size: 9508
    subdir: casa-types
    url: https://github.com/fpco/casa/archive/090b17e991819b552c1aff1125a447d45e0da954.tar.gz
    sha256: 812e05de8f9abdbd1101fc94895dcfd5c35962c4d67a43cc20cbc06eb59ea1f0
snapshots:
- completed:
    size: 500539
    url: https://raw.githubusercontent.com/commercialhaskell/stackage-snapshots/master/lts/13/28.yaml
    sha256: cdde1bfb38fdee21c6acb73d506e78f7e12e0a73892adbbbe56374ebef4d3adf
  original: lts-13.28
