# This file was autogenerated by Stack.
# You should not edit this file by hand.
# For more information, please see the documentation at:
#   https://docs.haskellstack.org/en/stable/lock_files

packages:
- completed:
    hackage: http-download-0.1.0.0@sha256:b02d76d28364b74fb90d3ec3c46fd81f9d77bcf71fa40c1d341a7251a0fc40e8,2023
    pantry-tree:
      size: 393
      sha256: 5ca9a5f17b87de5feea9eb26939bf0dea1ef20b9570545feb0b9e54f41ea47ff
  original:
    hackage: http-download-0.1.0.0
- completed:
    hackage: rio-prettyprint-0.1.0.0@sha256:764e1a357275c3c62d57c494d038feae01cf745788e7d0e97367ba793c9670c3,1359
    pantry-tree:
      size: 479
      sha256: 42fad9af672080b144bb60eb91af251ab35ce41bb931c44cfb584414648935e5
  original:
    hackage: rio-prettyprint-0.1.0.0
- completed:
    hackage: ansi-terminal-0.9.1@sha256:48f53532d0f365ffa568c8cf0adc84c66f800a7d80d3329e4f04fa75392f4af1,3225
    pantry-tree:
      size: 1461
      sha256: 4686b1fdd2b74598eb83d35f447e4520d58d6534b5277a6f2bfaaa258bf1f833
  original:
    hackage: ansi-terminal-0.9.1
- completed:
    hackage: rio-0.1.10.0@sha256:4b681c90c1ec3db7e0f4dfa8c5a55581de2997ba71df332a1ad87265adcecadf,3635
    pantry-tree:
      size: 4747
      sha256: 6f37903a10ab3ecd0da94f1130ec6f6dbcc5f84c4e468da29329510f6149d75e
  original:
    hackage: rio-0.1.10.0
- completed:
    cabal-file:
      size: 4651
      sha256: 62e2435879a4cef30e7f945e047b3704cdd497fefe821e5eef358feefd374656
    name: pantry
    version: 0.1.1.0
    git: https://github.com/commercialhaskell/pantry.git
    pantry-tree:
      size: 3369
      sha256: 4d9494e7a924421a2013307546f88d31c87931fd6b4dc5b490687da8ef129d19
    commit: 6afcace795c1218f7a49b1ceb6a137cf31333bcf
  original:
    git: https://github.com/commercialhaskell/pantry.git
    commit: 6afcace795c1218f7a49b1ceb6a137cf31333bcf
- completed:
    subdir: casa-client
    cabal-file:
      size: 512
      sha256: 8d7ed9a87422ac784486aa5eb634fda93382fe5260a4a0c63e2b17abc3c5cd18
    name: casa-client
    version: 0.0.0
    git: https://github.com/fpco/casa.git
    pantry-tree:
      size: 120
      sha256: c30e67a87669d29151142df5569c704e04b23fc0557dfe8d85b214b991aa7940
    commit: 8ff6b5fd6b4136f8104628d61ca81e7b64c8c553
  original:
    subdir: casa-client
    git: https://github.com/fpco/casa.git
    commit: 8ff6b5fd6b4136f8104628d61ca81e7b64c8c553
- completed:
    subdir: casa-types
    cabal-file:
      size: 404
      sha256: 9a9bc4febca2c369a93c8180f966483359cc9a8a6590021d542a73f9c6e7bcb4
    name: casa-types
    version: 0.0.0
    git: https://github.com/fpco/casa.git
    pantry-tree:
      size: 177
      sha256: 38bb767ea4f390e1faee24e66bffef4a2eea3a0ff3e011a74679f7252146936e
    commit: 8ff6b5fd6b4136f8104628d61ca81e7b64c8c553
  original:
    subdir: casa-types
    git: https://github.com/fpco/casa.git
    commit: 8ff6b5fd6b4136f8104628d61ca81e7b64c8c553
snapshots:
- completed:
    size: 500539
    url: https://raw.githubusercontent.com/commercialhaskell/stackage-snapshots/master/lts/13/28.yaml
    sha256: cdde1bfb38fdee21c6acb73d506e78f7e12e0a73892adbbbe56374ebef4d3adf
  original: lts-13.28
